version = 1
revision = 3
requires-python = "==3.11.*"

[[package]]
name = "annotated-types"
version = "0.7.0"
source = { registry = "https://pypi.org/simple" }
sdist = { url = "https://files.pythonhosted.org/packages/ee/67/531ea369ba64dcff5ec9c3402f9f51bf748cec26dde048a2f973a4eea7f5/annotated_types-0.7.0.tar.gz", hash = "sha256:aff07c09a53a08bc8cfccb9c85b05f1aa9a2a6f23728d790723543408344ce89", size = 16081, upload-time = "2024-05-20T21:33:25.928Z" }
wheels = [
    { url = "https://files.pythonhosted.org/packages/78/b6/6307fbef88d9b5ee7421e68d78a9f162e0da4900bc5f5793f6d3d0e34fb8/annotated_types-0.7.0-py3-none-any.whl", hash = "sha256:1f02e8b43a8fbbc3f3e0d4f0f4bfc8131bcb4eebe8849b8e5c773f3a1c582a53", size = 13643, upload-time = "2024-05-20T21:33:24.1Z" },
]

[[package]]
name = "certifi"
version = "2025.10.5"
source = { registry = "https://pypi.org/simple" }
sdist = { url = "https://files.pythonhosted.org/packages/4c/5b/b6ce21586237c77ce67d01dc5507039d444b630dd76611bbca2d8e5dcd91/certifi-2025.10.5.tar.gz", hash = "sha256:47c09d31ccf2acf0be3f701ea53595ee7e0b8fa08801c6624be771df09ae7b43", size = 164519, upload-time = "2025-10-05T04:12:15.808Z" }
wheels = [
    { url = "https://files.pythonhosted.org/packages/e4/37/af0d2ef3967ac0d6113837b44a4f0bfe1328c2b9763bd5b1744520e5cfed/certifi-2025.10.5-py3-none-any.whl", hash = "sha256:0f212c2744a9bb6de0c56639a6f68afe01ecd92d91f14ae897c4fe7bbeeef0de", size = 163286, upload-time = "2025-10-05T04:12:14.03Z" },
]

[[package]]
name = "charset-normalizer"
version = "3.4.3"
source = { registry = "https://pypi.org/simple" }
sdist = { url = "https://files.pythonhosted.org/packages/83/2d/5fd176ceb9b2fc619e63405525573493ca23441330fcdaee6bef9460e924/charset_normalizer-3.4.3.tar.gz", hash = "sha256:6fce4b8500244f6fcb71465d4a4930d132ba9ab8e71a7859e6a5d59851068d14", size = 122371, upload-time = "2025-08-09T07:57:28.46Z" }
wheels = [
    { url = "https://files.pythonhosted.org/packages/7f/b5/991245018615474a60965a7c9cd2b4efbaabd16d582a5547c47ee1c7730b/charset_normalizer-3.4.3-cp311-cp311-macosx_10_9_universal2.whl", hash = "sha256:b256ee2e749283ef3ddcff51a675ff43798d92d746d1a6e4631bf8c707d22d0b", size = 204483, upload-time = "2025-08-09T07:55:53.12Z" },
    { url = "https://files.pythonhosted.org/packages/c7/2a/ae245c41c06299ec18262825c1569c5d3298fc920e4ddf56ab011b417efd/charset_normalizer-3.4.3-cp311-cp311-manylinux2014_aarch64.manylinux_2_17_aarch64.manylinux_2_28_aarch64.whl", hash = "sha256:13faeacfe61784e2559e690fc53fa4c5ae97c6fcedb8eb6fb8d0a15b475d2c64", size = 145520, upload-time = "2025-08-09T07:55:54.712Z" },
    { url = "https://files.pythonhosted.org/packages/3a/a4/b3b6c76e7a635748c4421d2b92c7b8f90a432f98bda5082049af37ffc8e3/charset_normalizer-3.4.3-cp311-cp311-manylinux2014_ppc64le.manylinux_2_17_ppc64le.manylinux_2_28_ppc64le.whl", hash = "sha256:00237675befef519d9af72169d8604a067d92755e84fe76492fef5441db05b91", size = 158876, upload-time = "2025-08-09T07:55:56.024Z" },
    { url = "https://files.pythonhosted.org/packages/e2/e6/63bb0e10f90a8243c5def74b5b105b3bbbfb3e7bb753915fe333fb0c11ea/charset_normalizer-3.4.3-cp311-cp311-manylinux2014_s390x.manylinux_2_17_s390x.manylinux_2_28_s390x.whl", hash = "sha256:585f3b2a80fbd26b048a0be90c5aae8f06605d3c92615911c3a2b03a8a3b796f", size = 156083, upload-time = "2025-08-09T07:55:57.582Z" },
    { url = "https://files.pythonhosted.org/packages/87/df/b7737ff046c974b183ea9aa111b74185ac8c3a326c6262d413bd5a1b8c69/charset_normalizer-3.4.3-cp311-cp311-manylinux2014_x86_64.manylinux_2_17_x86_64.manylinux_2_28_x86_64.whl", hash = "sha256:0e78314bdc32fa80696f72fa16dc61168fda4d6a0c014e0380f9d02f0e5d8a07", size = 150295, upload-time = "2025-08-09T07:55:59.147Z" },
    { url = "https://files.pythonhosted.org/packages/61/f1/190d9977e0084d3f1dc169acd060d479bbbc71b90bf3e7bf7b9927dec3eb/charset_normalizer-3.4.3-cp311-cp311-musllinux_1_2_aarch64.whl", hash = "sha256:96b2b3d1a83ad55310de8c7b4a2d04d9277d5591f40761274856635acc5fcb30", size = 148379, upload-time = "2025-08-09T07:56:00.364Z" },
    { url = "https://files.pythonhosted.org/packages/4c/92/27dbe365d34c68cfe0ca76f1edd70e8705d82b378cb54ebbaeabc2e3029d/charset_normalizer-3.4.3-cp311-cp311-musllinux_1_2_ppc64le.whl", hash = "sha256:939578d9d8fd4299220161fdd76e86c6a251987476f5243e8864a7844476ba14", size = 160018, upload-time = "2025-08-09T07:56:01.678Z" },
    { url = "https://files.pythonhosted.org/packages/99/04/baae2a1ea1893a01635d475b9261c889a18fd48393634b6270827869fa34/charset_normalizer-3.4.3-cp311-cp311-musllinux_1_2_s390x.whl", hash = "sha256:fd10de089bcdcd1be95a2f73dbe6254798ec1bda9f450d5828c96f93e2536b9c", size = 157430, upload-time = "2025-08-09T07:56:02.87Z" },
    { url = "https://files.pythonhosted.org/packages/2f/36/77da9c6a328c54d17b960c89eccacfab8271fdaaa228305330915b88afa9/charset_normalizer-3.4.3-cp311-cp311-musllinux_1_2_x86_64.whl", hash = "sha256:1e8ac75d72fa3775e0b7cb7e4629cec13b7514d928d15ef8ea06bca03ef01cae", size = 151600, upload-time = "2025-08-09T07:56:04.089Z" },
    { url = "https://files.pythonhosted.org/packages/64/d4/9eb4ff2c167edbbf08cdd28e19078bf195762e9bd63371689cab5ecd3d0d/charset_normalizer-3.4.3-cp311-cp311-win32.whl", hash = "sha256:6cf8fd4c04756b6b60146d98cd8a77d0cdae0e1ca20329da2ac85eed779b6849", size = 99616, upload-time = "2025-08-09T07:56:05.658Z" },
    { url = "https://files.pythonhosted.org/packages/f4/9c/996a4a028222e7761a96634d1820de8a744ff4327a00ada9c8942033089b/charset_normalizer-3.4.3-cp311-cp311-win_amd64.whl", hash = "sha256:31a9a6f775f9bcd865d88ee350f0ffb0e25936a7f930ca98995c05abf1faf21c", size = 107108, upload-time = "2025-08-09T07:56:07.176Z" },
    { url = "https://files.pythonhosted.org/packages/8a/1f/f041989e93b001bc4e44bb1669ccdcf54d3f00e628229a85b08d330615c5/charset_normalizer-3.4.3-py3-none-any.whl", hash = "sha256:ce571ab16d890d23b5c278547ba694193a45011ff86a9162a71307ed9f86759a", size = 53175, upload-time = "2025-08-09T07:57:26.864Z" },
]

[[package]]
name = "click"
version = "8.2.1"
source = { registry = "https://pypi.org/simple" }
dependencies = [
    { name = "colorama", marker = "sys_platform == 'win32'" },
]
sdist = { url = "https://files.pythonhosted.org/packages/60/6c/8ca2efa64cf75a977a0d7fac081354553ebe483345c734fb6b6515d96bbc/click-8.2.1.tar.gz", hash = "sha256:27c491cc05d968d271d5a1db13e3b5a184636d9d930f148c50b038f0d0646202", size = 286342, upload-time = "2025-05-20T23:19:49.832Z" }
wheels = [
    { url = "https://files.pythonhosted.org/packages/85/32/10bb5764d90a8eee674e9dc6f4db6a0ab47c8c4d0d83c27f7c39ac415a4d/click-8.2.1-py3-none-any.whl", hash = "sha256:61a3265b914e850b85317d0b3109c7f8cd35a670f963866005d6ef1d5175a12b", size = 102215, upload-time = "2025-05-20T23:19:47.796Z" },
]

[[package]]
name = "colorama"
version = "0.4.6"
source = { registry = "https://pypi.org/simple" }
sdist = { url = "https://files.pythonhosted.org/packages/d8/53/6f443c9a4a8358a93a6792e2acffb9d9d5cb0a5cfd8802644b7b1c9a02e4/colorama-0.4.6.tar.gz", hash = "sha256:08695f5cb7ed6e0531a20572697297273c47b8cae5a63ffc6d6ed5c201be6e44", size = 27697, upload-time = "2022-10-25T02:36:22.414Z" }
wheels = [
    { url = "https://files.pythonhosted.org/packages/d1/d6/3965ed04c63042e047cb6a3e6ed1a63a35087b6a609aa3a15ed8ac56c221/colorama-0.4.6-py2.py3-none-any.whl", hash = "sha256:4f1d9991f5acc0ca119f9d443620b77f9d6b33703e51011c16baf57afb285fc6", size = 25335, upload-time = "2022-10-25T02:36:20.889Z" },
]

[[package]]
name = "fitbit-garmin-converter"
version = "0.1.0"
source = { virtual = "." }
dependencies = [
    { name = "garth" },
    { name = "pandas" },
    { name = "pytest" },
    { name = "requests" },
    { name = "syrupy" },
    { name = "typer" },
    { name = "uv" },
]

[package.metadata]
requires-dist = [
    { name = "garth", specifier = ">=0.5.17,<0.6.0" },
    { name = "pandas" },
    { name = "pytest", specifier = ">=8.4.1" },
    { name = "requests" },
    { name = "syrupy", specifier = ">=4.9.1" },
    { name = "typer" },
    { name = "uv" },
]

[[package]]
name = "garth"
version = "0.5.17"
source = { registry = "https://pypi.org/simple" }
dependencies = [
    { name = "pydantic" },
    { name = "requests" },
    { name = "requests-oauthlib" },
]
sdist = { url = "https://files.pythonhosted.org/packages/37/ca/6a2b9dc95fd36bb098ec6318c21fd8e2419e5b770bd8c618b9d2d1077362/garth-0.5.17.tar.gz", hash = "sha256:48ede938c38b2fd70777e55c7025538775d93c1047f43cc7c4481f2a04b109cb", size = 1817853, upload-time = "2025-06-22T05:34:24.385Z" }
wheels = [
    { url = "https://files.pythonhosted.org/packages/ed/a5/7b22d90cc735abda0526aa708f54a729a966e50f7acef7d0b57dd48d0823/garth-0.5.17-py3-none-any.whl", hash = "sha256:4b109140dfacea6d96060bad8dead8da36699a0729cb0c4ca3b31fa49f860e88", size = 32973, upload-time = "2025-06-22T05:34:22.655Z" },
]

[[package]]
name = "idna"
version = "3.10"
source = { registry = "https://pypi.org/simple" }
sdist = { url = "https://files.pythonhosted.org/packages/f1/70/7703c29685631f5a7590aa73f1f1d3fa9a380e654b86af429e0934a32f7d/idna-3.10.tar.gz", hash = "sha256:12f65c9b470abda6dc35cf8e63cc574b1c52b11df2c86030af0ac09b01b13ea9", size = 190490, upload-time = "2024-09-15T18:07:39.745Z" }
wheels = [
    { url = "https://files.pythonhosted.org/packages/76/c6/c88e154df9c4e1a2a66ccf0005a88dfb2650c1dffb6f5ce603dfbd452ce3/idna-3.10-py3-none-any.whl", hash = "sha256:946d195a0d259cbba61165e88e65941f16e9b36ea6ddb97f00452bae8b1287d3", size = 70442, upload-time = "2024-09-15T18:07:37.964Z" },
]

[[package]]
name = "iniconfig"
version = "2.1.0"
source = { registry = "https://pypi.org/simple" }
sdist = { url = "https://files.pythonhosted.org/packages/f2/97/ebf4da567aa6827c909642694d71c9fcf53e5b504f2d96afea02718862f3/iniconfig-2.1.0.tar.gz", hash = "sha256:3abbd2e30b36733fee78f9c7f7308f2d0050e88f0087fd25c2645f63c773e1c7", size = 4793, upload-time = "2025-03-19T20:09:59.721Z" }
wheels = [
    { url = "https://files.pythonhosted.org/packages/2c/e1/e6716421ea10d38022b952c159d5161ca1193197fb744506875fbb87ea7b/iniconfig-2.1.0-py3-none-any.whl", hash = "sha256:9deba5723312380e77435581c6bf4935c94cbfab9b1ed33ef8d238ea168eb760", size = 6050, upload-time = "2025-03-19T20:10:01.071Z" },
]

[[package]]
name = "markdown-it-py"
version = "4.0.0"
source = { registry = "https://pypi.org/simple" }
dependencies = [
    { name = "mdurl" },
]
sdist = { url = "https://files.pythonhosted.org/packages/5b/f5/4ec618ed16cc4f8fb3b701563655a69816155e79e24a17b651541804721d/markdown_it_py-4.0.0.tar.gz", hash = "sha256:cb0a2b4aa34f932c007117b194e945bd74e0ec24133ceb5bac59009cda1cb9f3", size = 73070, upload-time = "2025-08-11T12:57:52.854Z" }
wheels = [
    { url = "https://files.pythonhosted.org/packages/94/54/e7d793b573f298e1c9013b8c4dade17d481164aa517d1d7148619c2cedbf/markdown_it_py-4.0.0-py3-none-any.whl", hash = "sha256:87327c59b172c5011896038353a81343b6754500a08cd7a4973bb48c6d578147", size = 87321, upload-time = "2025-08-11T12:57:51.923Z" },
]

[[package]]
name = "mdurl"
version = "0.1.2"
source = { registry = "https://pypi.org/simple" }
sdist = { url = "https://files.pythonhosted.org/packages/d6/54/cfe61301667036ec958cb99bd3efefba235e65cdeb9c84d24a8293ba1d90/mdurl-0.1.2.tar.gz", hash = "sha256:bb413d29f5eea38f31dd4754dd7377d4465116fb207585f97bf925588687c1ba", size = 8729, upload-time = "2022-08-14T12:40:10.846Z" }
wheels = [
    { url = "https://files.pythonhosted.org/packages/b3/38/89ba8ad64ae25be8de66a6d463314cf1eb366222074cfda9ee839c56a4b4/mdurl-0.1.2-py3-none-any.whl", hash = "sha256:84008a41e51615a49fc9966191ff91509e3c40b939176e643fd50a5c2196b8f8", size = 9979, upload-time = "2022-08-14T12:40:09.779Z" },
]

[[package]]
name = "numpy"
version = "2.3.2"
source = { registry = "https://pypi.org/simple" }
sdist = { url = "https://files.pythonhosted.org/packages/37/7d/3fec4199c5ffb892bed55cff901e4f39a58c81df9c44c280499e92cad264/numpy-2.3.2.tar.gz", hash = "sha256:e0486a11ec30cdecb53f184d496d1c6a20786c81e55e41640270130056f8ee48", size = 20489306, upload-time = "2025-07-24T21:32:07.553Z" }
wheels = [
    { url = "https://files.pythonhosted.org/packages/96/26/1320083986108998bd487e2931eed2aeedf914b6e8905431487543ec911d/numpy-2.3.2-cp311-cp311-macosx_10_9_x86_64.whl", hash = "sha256:852ae5bed3478b92f093e30f785c98e0cb62fa0a939ed057c31716e18a7a22b9", size = 21259016, upload-time = "2025-07-24T20:24:35.214Z" },
    { url = "https://files.pythonhosted.org/packages/c4/2b/792b341463fa93fc7e55abbdbe87dac316c5b8cb5e94fb7a59fb6fa0cda5/numpy-2.3.2-cp311-cp311-macosx_11_0_arm64.whl", hash = "sha256:7a0e27186e781a69959d0230dd9909b5e26024f8da10683bd6344baea1885168", size = 14451158, upload-time = "2025-07-24T20:24:58.397Z" },
    { url = "https://files.pythonhosted.org/packages/b7/13/e792d7209261afb0c9f4759ffef6135b35c77c6349a151f488f531d13595/numpy-2.3.2-cp311-cp311-macosx_14_0_arm64.whl", hash = "sha256:f0a1a8476ad77a228e41619af2fa9505cf69df928e9aaa165746584ea17fed2b", size = 5379817, upload-time = "2025-07-24T20:25:07.746Z" },
    { url = "https://files.pythonhosted.org/packages/49/ce/055274fcba4107c022b2113a213c7287346563f48d62e8d2a5176ad93217/numpy-2.3.2-cp311-cp311-macosx_14_0_x86_64.whl", hash = "sha256:cbc95b3813920145032412f7e33d12080f11dc776262df1712e1638207dde9e8", size = 6913606, upload-time = "2025-07-24T20:25:18.84Z" },
    { url = "https://files.pythonhosted.org/packages/17/f2/e4d72e6bc5ff01e2ab613dc198d560714971900c03674b41947e38606502/numpy-2.3.2-cp311-cp311-manylinux_2_27_aarch64.manylinux_2_28_aarch64.whl", hash = "sha256:f75018be4980a7324edc5930fe39aa391d5734531b1926968605416ff58c332d", size = 14589652, upload-time = "2025-07-24T20:25:40.356Z" },
    { url = "https://files.pythonhosted.org/packages/c8/b0/fbeee3000a51ebf7222016e2939b5c5ecf8000a19555d04a18f1e02521b8/numpy-2.3.2-cp311-cp311-manylinux_2_27_x86_64.manylinux_2_28_x86_64.whl", hash = "sha256:20b8200721840f5621b7bd03f8dcd78de33ec522fc40dc2641aa09537df010c3", size = 16938816, upload-time = "2025-07-24T20:26:05.721Z" },
    { url = "https://files.pythonhosted.org/packages/a9/ec/2f6c45c3484cc159621ea8fc000ac5a86f1575f090cac78ac27193ce82cd/numpy-2.3.2-cp311-cp311-musllinux_1_2_aarch64.whl", hash = "sha256:1f91e5c028504660d606340a084db4b216567ded1056ea2b4be4f9d10b67197f", size = 16370512, upload-time = "2025-07-24T20:26:30.545Z" },
    { url = "https://files.pythonhosted.org/packages/b5/01/dd67cf511850bd7aefd6347aaae0956ed415abea741ae107834aae7d6d4e/numpy-2.3.2-cp311-cp311-musllinux_1_2_x86_64.whl", hash = "sha256:fb1752a3bb9a3ad2d6b090b88a9a0ae1cd6f004ef95f75825e2f382c183b2097", size = 18884947, upload-time = "2025-07-24T20:26:58.24Z" },
    { url = "https://files.pythonhosted.org/packages/a7/17/2cf60fd3e6a61d006778735edf67a222787a8c1a7842aed43ef96d777446/numpy-2.3.2-cp311-cp311-win32.whl", hash = "sha256:4ae6863868aaee2f57503c7a5052b3a2807cf7a3914475e637a0ecd366ced220", size = 6599494, upload-time = "2025-07-24T20:27:09.786Z" },
    { url = "https://files.pythonhosted.org/packages/d5/03/0eade211c504bda872a594f045f98ddcc6caef2b7c63610946845e304d3f/numpy-2.3.2-cp311-cp311-win_amd64.whl", hash = "sha256:240259d6564f1c65424bcd10f435145a7644a65a6811cfc3201c4a429ba79170", size = 13087889, upload-time = "2025-07-24T20:27:29.558Z" },
    { url = "https://files.pythonhosted.org/packages/13/32/2c7979d39dafb2a25087e12310fc7f3b9d3c7d960df4f4bc97955ae0ce1d/numpy-2.3.2-cp311-cp311-win_arm64.whl", hash = "sha256:4209f874d45f921bde2cff1ffcd8a3695f545ad2ffbef6d3d3c6768162efab89", size = 10459560, upload-time = "2025-07-24T20:27:46.803Z" },
    { url = "https://files.pythonhosted.org/packages/cf/ea/50ebc91d28b275b23b7128ef25c3d08152bc4068f42742867e07a870a42a/numpy-2.3.2-pp311-pypy311_pp73-macosx_10_15_x86_64.whl", hash = "sha256:14a91ebac98813a49bc6aa1a0dfc09513dcec1d97eaf31ca21a87221a1cdcb15", size = 21130338, upload-time = "2025-07-24T20:57:54.37Z" },
    { url = "https://files.pythonhosted.org/packages/9f/57/cdd5eac00dd5f137277355c318a955c0d8fb8aa486020c22afd305f8b88f/numpy-2.3.2-pp311-pypy311_pp73-macosx_11_0_arm64.whl", hash = "sha256:71669b5daae692189540cffc4c439468d35a3f84f0c88b078ecd94337f6cb0ec", size = 14375776, upload-time = "2025-07-24T20:58:16.303Z" },
    { url = "https://files.pythonhosted.org/packages/83/85/27280c7f34fcd305c2209c0cdca4d70775e4859a9eaa92f850087f8dea50/numpy-2.3.2-pp311-pypy311_pp73-macosx_14_0_arm64.whl", hash = "sha256:69779198d9caee6e547adb933941ed7520f896fd9656834c300bdf4dd8642712", size = 5304882, upload-time = "2025-07-24T20:58:26.199Z" },
    { url = "https://files.pythonhosted.org/packages/48/b4/6500b24d278e15dd796f43824e69939d00981d37d9779e32499e823aa0aa/numpy-2.3.2-pp311-pypy311_pp73-macosx_14_0_x86_64.whl", hash = "sha256:2c3271cc4097beb5a60f010bcc1cc204b300bb3eafb4399376418a83a1c6373c", size = 6818405, upload-time = "2025-07-24T20:58:37.341Z" },
    { url = "https://files.pythonhosted.org/packages/9b/c9/142c1e03f199d202da8e980c2496213509291b6024fd2735ad28ae7065c7/numpy-2.3.2-pp311-pypy311_pp73-manylinux_2_27_aarch64.manylinux_2_28_aarch64.whl", hash = "sha256:8446acd11fe3dc1830568c941d44449fd5cb83068e5c70bd5a470d323d448296", size = 14419651, upload-time = "2025-07-24T20:58:59.048Z" },
    { url = "https://files.pythonhosted.org/packages/8b/95/8023e87cbea31a750a6c00ff9427d65ebc5fef104a136bfa69f76266d614/numpy-2.3.2-pp311-pypy311_pp73-manylinux_2_27_x86_64.manylinux_2_28_x86_64.whl", hash = "sha256:aa098a5ab53fa407fded5870865c6275a5cd4101cfdef8d6fafc48286a96e981", size = 16760166, upload-time = "2025-07-24T21:28:56.38Z" },
    { url = "https://files.pythonhosted.org/packages/78/e3/6690b3f85a05506733c7e90b577e4762517404ea78bab2ca3a5cb1aeb78d/numpy-2.3.2-pp311-pypy311_pp73-win_amd64.whl", hash = "sha256:6936aff90dda378c09bea075af0d9c675fe3a977a9d2402f95a87f440f59f619", size = 12977811, upload-time = "2025-07-24T21:29:18.234Z" },
]

[[package]]
name = "oauthlib"
version = "3.3.1"
source = { registry = "https://pypi.org/simple" }
sdist = { url = "https://files.pythonhosted.org/packages/0b/5f/19930f824ffeb0ad4372da4812c50edbd1434f678c90c2733e1188edfc63/oauthlib-3.3.1.tar.gz", hash = "sha256:0f0f8aa759826a193cf66c12ea1af1637f87b9b4622d46e866952bb022e538c9", size = 185918, upload-time = "2025-06-19T22:48:08.269Z" }
wheels = [
    { url = "https://files.pythonhosted.org/packages/be/9c/92789c596b8df838baa98fa71844d84283302f7604ed565dafe5a6b5041a/oauthlib-3.3.1-py3-none-any.whl", hash = "sha256:88119c938d2b8fb88561af5f6ee0eec8cc8d552b7bb1f712743136eb7523b7a1", size = 160065, upload-time = "2025-06-19T22:48:06.508Z" },
]

[[package]]
name = "packaging"
version = "25.0"
source = { registry = "https://pypi.org/simple" }
sdist = { url = "https://files.pythonhosted.org/packages/a1/d4/1fc4078c65507b51b96ca8f8c3ba19e6a61c8253c72794544580a7b6c24d/packaging-25.0.tar.gz", hash = "sha256:d443872c98d677bf60f6a1f2f8c1cb748e8fe762d2bf9d3148b5599295b0fc4f", size = 165727, upload-time = "2025-04-19T11:48:59.673Z" }
wheels = [
    { url = "https://files.pythonhosted.org/packages/20/12/38679034af332785aac8774540895e234f4d07f7545804097de4b666afd8/packaging-25.0-py3-none-any.whl", hash = "sha256:29572ef2b1f17581046b3a2227d5c611fb25ec70ca1ba8554b24b0e69331a484", size = 66469, upload-time = "2025-04-19T11:48:57.875Z" },
]

[[package]]
name = "pandas"
version = "2.3.2"
source = { registry = "https://pypi.org/simple" }
dependencies = [
    { name = "numpy" },
    { name = "python-dateutil" },
    { name = "pytz" },
    { name = "tzdata" },
]
sdist = { url = "https://files.pythonhosted.org/packages/79/8e/0e90233ac205ad182bd6b422532695d2b9414944a280488105d598c70023/pandas-2.3.2.tar.gz", hash = "sha256:ab7b58f8f82706890924ccdfb5f48002b83d2b5a3845976a9fb705d36c34dcdb", size = 4488684, upload-time = "2025-08-21T10:28:29.257Z" }
wheels = [
    { url = "https://files.pythonhosted.org/packages/7a/59/f3e010879f118c2d400902d2d871c2226cef29b08c09fb8dc41111730400/pandas-2.3.2-cp311-cp311-macosx_10_9_x86_64.whl", hash = "sha256:1333e9c299adcbb68ee89a9bb568fc3f20f9cbb419f1dd5225071e6cddb2a743", size = 11563308, upload-time = "2025-08-21T10:26:56.656Z" },
    { url = "https://files.pythonhosted.org/packages/38/18/48f10f1cc5c397af59571d638d211f494dba481f449c19adbd282aa8f4ca/pandas-2.3.2-cp311-cp311-macosx_11_0_arm64.whl", hash = "sha256:76972bcbd7de8e91ad5f0ca884a9f2c477a2125354af624e022c49e5bd0dfff4", size = 10820319, upload-time = "2025-08-21T10:26:59.162Z" },
    { url = "https://files.pythonhosted.org/packages/95/3b/1e9b69632898b048e223834cd9702052bcf06b15e1ae716eda3196fb972e/pandas-2.3.2-cp311-cp311-manylinux_2_17_aarch64.manylinux2014_aarch64.whl", hash = "sha256:b98bdd7c456a05eef7cd21fd6b29e3ca243591fe531c62be94a2cc987efb5ac2", size = 11790097, upload-time = "2025-08-21T10:27:02.204Z" },
    { url = "https://files.pythonhosted.org/packages/8b/ef/0e2ffb30b1f7fbc9a588bd01e3c14a0d96854d09a887e15e30cc19961227/pandas-2.3.2-cp311-cp311-manylinux_2_17_x86_64.manylinux2014_x86_64.whl", hash = "sha256:1d81573b3f7db40d020983f78721e9bfc425f411e616ef019a10ebf597aedb2e", size = 12397958, upload-time = "2025-08-21T10:27:05.409Z" },
    { url = "https://files.pythonhosted.org/packages/23/82/e6b85f0d92e9afb0e7f705a51d1399b79c7380c19687bfbf3d2837743249/pandas-2.3.2-cp311-cp311-musllinux_1_2_aarch64.whl", hash = "sha256:e190b738675a73b581736cc8ec71ae113d6c3768d0bd18bffa5b9a0927b0b6ea", size = 13225600, upload-time = "2025-08-21T10:27:07.791Z" },
    { url = "https://files.pythonhosted.org/packages/e8/f1/f682015893d9ed51611948bd83683670842286a8edd4f68c2c1c3b231eef/pandas-2.3.2-cp311-cp311-musllinux_1_2_x86_64.whl", hash = "sha256:c253828cb08f47488d60f43c5fc95114c771bbfff085da54bfc79cb4f9e3a372", size = 13879433, upload-time = "2025-08-21T10:27:10.347Z" },
    { url = "https://files.pythonhosted.org/packages/a7/e7/ae86261695b6c8a36d6a4c8d5f9b9ede8248510d689a2f379a18354b37d7/pandas-2.3.2-cp311-cp311-win_amd64.whl", hash = "sha256:9467697b8083f9667b212633ad6aa4ab32436dcbaf4cd57325debb0ddef2012f", size = 11336557, upload-time = "2025-08-21T10:27:12.983Z" },
]

[[package]]
name = "pluggy"
version = "1.6.0"
source = { registry = "https://pypi.org/simple" }
sdist = { url = "https://files.pythonhosted.org/packages/f9/e2/3e91f31a7d2b083fe6ef3fa267035b518369d9511ffab804f839851d2779/pluggy-1.6.0.tar.gz", hash = "sha256:7dcc130b76258d33b90f61b658791dede3486c3e6bfb003ee5c9bfb396dd22f3", size = 69412, upload-time = "2025-05-15T12:30:07.975Z" }
wheels = [
    { url = "https://files.pythonhosted.org/packages/54/20/4d324d65cc6d9205fabedc306948156824eb9f0ee1633355a8f7ec5c66bf/pluggy-1.6.0-py3-none-any.whl", hash = "sha256:e920276dd6813095e9377c0bc5566d94c932c33b27a3e3945d8389c374dd4746", size = 20538, upload-time = "2025-05-15T12:30:06.134Z" },
]

[[package]]
name = "pydantic"
version = "2.12.0"
source = { registry = "https://pypi.org/simple" }
dependencies = [
    { name = "annotated-types" },
    { name = "pydantic-core" },
    { name = "typing-extensions" },
    { name = "typing-inspection" },
]
sdist = { url = "https://files.pythonhosted.org/packages/c3/da/b8a7ee04378a53f6fefefc0c5e05570a3ebfdfa0523a878bcd3b475683ee/pydantic-2.12.0.tar.gz", hash = "sha256:c1a077e6270dbfb37bfd8b498b3981e2bb18f68103720e51fa6c306a5a9af563", size = 814760, upload-time = "2025-10-07T15:58:03.467Z" }
wheels = [
    { url = "https://files.pythonhosted.org/packages/f4/9d/d5c855424e2e5b6b626fbc6ec514d8e655a600377ce283008b115abb7445/pydantic-2.12.0-py3-none-any.whl", hash = "sha256:f6a1da352d42790537e95e83a8bdfb91c7efbae63ffd0b86fa823899e807116f", size = 459730, upload-time = "2025-10-07T15:58:01.576Z" },
]

[[package]]
name = "pydantic-core"
version = "2.41.1"
source = { registry = "https://pypi.org/simple" }
dependencies = [
    { name = "typing-extensions" },
]
sdist = { url = "https://files.pythonhosted.org/packages/7d/14/12b4a0d2b0b10d8e1d9a24ad94e7bbb43335eaf29c0c4e57860e8a30734a/pydantic_core-2.41.1.tar.gz", hash = "sha256:1ad375859a6d8c356b7704ec0f547a58e82ee80bb41baa811ad710e124bc8f2f", size = 454870, upload-time = "2025-10-07T10:50:45.974Z" }
wheels = [
    { url = "https://files.pythonhosted.org/packages/f6/a9/ec440f02e57beabdfd804725ef1e38ac1ba00c49854d298447562e119513/pydantic_core-2.41.1-cp311-cp311-macosx_10_12_x86_64.whl", hash = "sha256:4f276a6134fe1fc1daa692642a3eaa2b7b858599c49a7610816388f5e37566a1", size = 2111456, upload-time = "2025-10-06T21:10:09.824Z" },
    { url = "https://files.pythonhosted.org/packages/f0/f9/6bc15bacfd8dcfc073a1820a564516d9c12a435a9a332d4cbbfd48828ddd/pydantic_core-2.41.1-cp311-cp311-macosx_11_0_arm64.whl", hash = "sha256:07588570a805296ece009c59d9a679dc08fab72fb337365afb4f3a14cfbfc176", size = 1915012, upload-time = "2025-10-06T21:10:11.599Z" },
    { url = "https://files.pythonhosted.org/packages/38/8a/d9edcdcdfe80bade17bed424284427c08bea892aaec11438fa52eaeaf79c/pydantic_core-2.41.1-cp311-cp311-manylinux_2_17_aarch64.manylinux2014_aarch64.whl", hash = "sha256:28527e4b53400cd60ffbd9812ccb2b5135d042129716d71afd7e45bf42b855c0", size = 1973762, upload-time = "2025-10-06T21:10:13.154Z" },
    { url = "https://files.pythonhosted.org/packages/d5/b3/ff225c6d49fba4279de04677c1c876fc3dc6562fd0c53e9bfd66f58c51a8/pydantic_core-2.41.1-cp311-cp311-manylinux_2_17_armv7l.manylinux2014_armv7l.whl", hash = "sha256:46a1c935c9228bad738c8a41de06478770927baedf581d172494ab36a6b96575", size = 2065386, upload-time = "2025-10-06T21:10:14.436Z" },
    { url = "https://files.pythonhosted.org/packages/47/ba/183e8c0be4321314af3fd1ae6bfc7eafdd7a49bdea5da81c56044a207316/pydantic_core-2.41.1-cp311-cp311-manylinux_2_17_ppc64le.manylinux2014_ppc64le.whl", hash = "sha256:447ddf56e2b7d28d200d3e9eafa936fe40485744b5a824b67039937580b3cb20", size = 2252317, upload-time = "2025-10-06T21:10:15.719Z" },
    { url = "https://files.pythonhosted.org/packages/57/c5/aab61e94fd02f45c65f1f8c9ec38bb3b33fbf001a1837c74870e97462572/pydantic_core-2.41.1-cp311-cp311-manylinux_2_17_s390x.manylinux2014_s390x.whl", hash = "sha256:63892ead40c1160ac860b5debcc95c95c5a0035e543a8b5a4eac70dd22e995f4", size = 2373405, upload-time = "2025-10-06T21:10:17.017Z" },
    { url = "https://files.pythonhosted.org/packages/e5/4f/3aaa3bd1ea420a15acc42d7d3ccb3b0bbc5444ae2f9dbc1959f8173e16b8/pydantic_core-2.41.1-cp311-cp311-manylinux_2_17_x86_64.manylinux2014_x86_64.whl", hash = "sha256:f4a9543ca355e6df8fbe9c83e9faab707701e9103ae857ecb40f1c0cf8b0e94d", size = 2073794, upload-time = "2025-10-06T21:10:18.383Z" },
    { url = "https://files.pythonhosted.org/packages/58/bd/e3975cdebe03ec080ef881648de316c73f2a6be95c14fc4efb2f7bdd0d41/pydantic_core-2.41.1-cp311-cp311-manylinux_2_5_i686.manylinux1_i686.whl", hash = "sha256:f2611bdb694116c31e551ed82e20e39a90bea9b7ad9e54aaf2d045ad621aa7a1", size = 2194430, upload-time = "2025-10-06T21:10:19.638Z" },
    { url = "https://files.pythonhosted.org/packages/2b/b8/6b7e7217f147d3b3105b57fb1caec3c4f667581affdfaab6d1d277e1f749/pydantic_core-2.41.1-cp311-cp311-musllinux_1_1_aarch64.whl", hash = "sha256:fecc130893a9b5f7bfe230be1bb8c61fe66a19db8ab704f808cb25a82aad0bc9", size = 2154611, upload-time = "2025-10-06T21:10:21.28Z" },
    { url = "https://files.pythonhosted.org/packages/fe/7b/239c2fe76bd8b7eef9ae2140d737368a3c6fea4fd27f8f6b4cde6baa3ce9/pydantic_core-2.41.1-cp311-cp311-musllinux_1_1_armv7l.whl", hash = "sha256:1e2df5f8344c99b6ea5219f00fdc8950b8e6f2c422fbc1cc122ec8641fac85a1", size = 2329809, upload-time = "2025-10-06T21:10:22.678Z" },
    { url = "https://files.pythonhosted.org/packages/bd/2e/77a821a67ff0786f2f14856d6bd1348992f695ee90136a145d7a445c1ff6/pydantic_core-2.41.1-cp311-cp311-musllinux_1_1_x86_64.whl", hash = "sha256:35291331e9d8ed94c257bab6be1cb3a380b5eee570a2784bffc055e18040a2ea", size = 2327907, upload-time = "2025-10-06T21:10:24.447Z" },
    { url = "https://files.pythonhosted.org/packages/fd/9a/b54512bb9df7f64c586b369328c30481229b70ca6a5fcbb90b715e15facf/pydantic_core-2.41.1-cp311-cp311-win32.whl", hash = "sha256:2876a095292668d753f1a868c4a57c4ac9f6acbd8edda8debe4218d5848cf42f", size = 1989964, upload-time = "2025-10-06T21:10:25.676Z" },
    { url = "https://files.pythonhosted.org/packages/9d/72/63c9a4f1a5c950e65dd522d7dd67f167681f9d4f6ece3b80085a0329f08f/pydantic_core-2.41.1-cp311-cp311-win_amd64.whl", hash = "sha256:b92d6c628e9a338846a28dfe3fcdc1a3279388624597898b105e078cdfc59298", size = 2025158, upload-time = "2025-10-06T21:10:27.522Z" },
    { url = "https://files.pythonhosted.org/packages/d8/16/4e2706184209f61b50c231529257c12eb6bd9eb36e99ea1272e4815d2200/pydantic_core-2.41.1-cp311-cp311-win_arm64.whl", hash = "sha256:7d82ae99409eb69d507a89835488fb657faa03ff9968a9379567b0d2e2e56bc5", size = 1972297, upload-time = "2025-10-06T21:10:28.814Z" },
    { url = "https://files.pythonhosted.org/packages/16/89/d0afad37ba25f5801735af1472e650b86baad9fe807a42076508e4824a2a/pydantic_core-2.41.1-graalpy311-graalpy242_311_native-macosx_10_12_x86_64.whl", hash = "sha256:68f2251559b8efa99041bb63571ec7cdd2d715ba74cc82b3bc9eff824ebc8bf0", size = 2124001, upload-time = "2025-10-07T10:49:54.369Z" },
    { url = "https://files.pythonhosted.org/packages/8e/c4/08609134b34520568ddebb084d9ed0a2a3f5f52b45739e6e22cb3a7112eb/pydantic_core-2.41.1-graalpy311-graalpy242_311_native-macosx_11_0_arm64.whl", hash = "sha256:c7bc140c596097cb53b30546ca257dbe3f19282283190b1b5142928e5d5d3a20", size = 1941841, upload-time = "2025-10-07T10:49:56.248Z" },
    { url = "https://files.pythonhosted.org/packages/2a/43/94a4877094e5fe19a3f37e7e817772263e2c573c94f1e3fa2b1eee56ef3b/pydantic_core-2.41.1-graalpy311-graalpy242_311_native-manylinux_2_17_aarch64.manylinux2014_aarch64.whl", hash = "sha256:2896510fce8f4725ec518f8b9d7f015a00db249d2fd40788f442af303480063d", size = 1961129, upload-time = "2025-10-07T10:49:58.298Z" },
    { url = "https://files.pythonhosted.org/packages/a2/30/23a224d7e25260eb5f69783a63667453037e07eb91ff0e62dabaadd47128/pydantic_core-2.41.1-graalpy311-graalpy242_311_native-manylinux_2_17_x86_64.manylinux2014_x86_64.whl", hash = "sha256:ced20e62cfa0f496ba68fa5d6c7ee71114ea67e2a5da3114d6450d7f4683572a", size = 2148770, upload-time = "2025-10-07T10:49:59.959Z" },
    { url = "https://files.pythonhosted.org/packages/e6/6c/fa3e45c2b054a1e627a89a364917f12cbe3abc3e91b9004edaae16e7b3c5/pydantic_core-2.41.1-pp311-pypy311_pp73-macosx_10_12_x86_64.whl", hash = "sha256:af2385d3f98243fb733862f806c5bb9122e5fba05b373e3af40e3c82d711cef1", size = 2112094, upload-time = "2025-10-07T10:50:25.513Z" },
    { url = "https://files.pythonhosted.org/packages/e5/17/7eebc38b4658cc8e6902d0befc26388e4c2a5f2e179c561eeb43e1922c7b/pydantic_core-2.41.1-pp311-pypy311_pp73-macosx_11_0_arm64.whl", hash = "sha256:6550617a0c2115be56f90c31a5370261d8ce9dbf051c3ed53b51172dd34da696", size = 1935300, upload-time = "2025-10-07T10:50:27.715Z" },
    { url = "https://files.pythonhosted.org/packages/2b/00/9fe640194a1717a464ab861d43595c268830f98cb1e2705aa134b3544b70/pydantic_core-2.41.1-pp311-pypy311_pp73-manylinux_2_17_aarch64.manylinux2014_aarch64.whl", hash = "sha256:dc17b6ecf4983d298686014c92ebc955a9f9baf9f57dad4065e7906e7bee6222", size = 1970417, upload-time = "2025-10-07T10:50:29.573Z" },
    { url = "https://files.pythonhosted.org/packages/b2/ad/f4cdfaf483b78ee65362363e73b6b40c48e067078d7b146e8816d5945ad6/pydantic_core-2.41.1-pp311-pypy311_pp73-manylinux_2_5_i686.manylinux1_i686.whl", hash = "sha256:42ae9352cf211f08b04ea110563d6b1e415878eea5b4c70f6bdb17dca3b932d2", size = 2190745, upload-time = "2025-10-07T10:50:31.48Z" },
    { url = "https://files.pythonhosted.org/packages/cb/c1/18f416d40a10f44e9387497ba449f40fdb1478c61ba05c4b6bdb82300362/pydantic_core-2.41.1-pp311-pypy311_pp73-musllinux_1_1_aarch64.whl", hash = "sha256:e82947de92068b0a21681a13dd2102387197092fbe7defcfb8453e0913866506", size = 2150888, upload-time = "2025-10-07T10:50:33.477Z" },
    { url = "https://files.pythonhosted.org/packages/42/30/134c8a921630d8a88d6f905a562495a6421e959a23c19b0f49b660801d67/pydantic_core-2.41.1-pp311-pypy311_pp73-musllinux_1_1_armv7l.whl", hash = "sha256:e244c37d5471c9acdcd282890c6c4c83747b77238bfa19429b8473586c907656", size = 2324489, upload-time = "2025-10-07T10:50:36.48Z" },
    { url = "https://files.pythonhosted.org/packages/9c/48/a9263aeaebdec81e941198525b43edb3b44f27cfa4cb8005b8d3eb8dec72/pydantic_core-2.41.1-pp311-pypy311_pp73-musllinux_1_1_x86_64.whl", hash = "sha256:1e798b4b304a995110d41ec93653e57975620ccb2842ba9420037985e7d7284e", size = 2322763, upload-time = "2025-10-07T10:50:38.751Z" },
    { url = "https://files.pythonhosted.org/packages/1d/62/755d2bd2593f701c5839fc084e9c2c5e2418f460383ad04e3b5d0befc3ca/pydantic_core-2.41.1-pp311-pypy311_pp73-win_amd64.whl", hash = "sha256:f1fc716c0eb1663c59699b024428ad5ec2bcc6b928527b8fe28de6cb89f47efb", size = 2144046, upload-time = "2025-10-07T10:50:40.686Z" },
]

[[package]]
name = "pygments"
version = "2.19.2"
source = { registry = "https://pypi.org/simple" }
sdist = { url = "https://files.pythonhosted.org/packages/b0/77/a5b8c569bf593b0140bde72ea885a803b82086995367bf2037de0159d924/pygments-2.19.2.tar.gz", hash = "sha256:636cb2477cec7f8952536970bc533bc43743542f70392ae026374600add5b887", size = 4968631, upload-time = "2025-06-21T13:39:12.283Z" }
wheels = [
    { url = "https://files.pythonhosted.org/packages/c7/21/705964c7812476f378728bdf590ca4b771ec72385c533964653c68e86bdc/pygments-2.19.2-py3-none-any.whl", hash = "sha256:86540386c03d588bb81d44bc3928634ff26449851e99741617ecb9037ee5ec0b", size = 1225217, upload-time = "2025-06-21T13:39:07.939Z" },
]

[[package]]
name = "pytest"
version = "8.4.2"
source = { registry = "https://pypi.org/simple" }
dependencies = [
    { name = "colorama", marker = "sys_platform == 'win32'" },
    { name = "iniconfig" },
    { name = "packaging" },
    { name = "pluggy" },
    { name = "pygments" },
]
sdist = { url = "https://files.pythonhosted.org/packages/a3/5c/00a0e072241553e1a7496d638deababa67c5058571567b92a7eaa258397c/pytest-8.4.2.tar.gz", hash = "sha256:86c0d0b93306b961d58d62a4db4879f27fe25513d4b969df351abdddb3c30e01", size = 1519618, upload-time = "2025-09-04T14:34:22.711Z" }
wheels = [
    { url = "https://files.pythonhosted.org/packages/a8/a4/20da314d277121d6534b3a980b29035dcd51e6744bd79075a6ce8fa4eb8d/pytest-8.4.2-py3-none-any.whl", hash = "sha256:872f880de3fc3a5bdc88a11b39c9710c3497a547cfa9320bc3c5e62fbf272e79", size = 365750, upload-time = "2025-09-04T14:34:20.226Z" },
]

[[package]]
name = "python-dateutil"
version = "2.9.0.post0"
source = { registry = "https://pypi.org/simple" }
dependencies = [
    { name = "six" },
]
sdist = { url = "https://files.pythonhosted.org/packages/66/c0/0c8b6ad9f17a802ee498c46e004a0eb49bc148f2fd230864601a86dcf6db/python-dateutil-2.9.0.post0.tar.gz", hash = "sha256:37dd54208da7e1cd875388217d5e00ebd4179249f90fb72437e91a35459a0ad3", size = 342432, upload-time = "2024-03-01T18:36:20.211Z" }
wheels = [
    { url = "https://files.pythonhosted.org/packages/ec/57/56b9bcc3c9c6a792fcbaf139543cee77261f3651ca9da0c93f5c1221264b/python_dateutil-2.9.0.post0-py2.py3-none-any.whl", hash = "sha256:a8b2bc7bffae282281c8140a97d3aa9c14da0b136dfe83f850eea9a5f7470427", size = 229892, upload-time = "2024-03-01T18:36:18.57Z" },
]

[[package]]
name = "pytz"
version = "2025.2"
source = { registry = "https://pypi.org/simple" }
sdist = { url = "https://files.pythonhosted.org/packages/f8/bf/abbd3cdfb8fbc7fb3d4d38d320f2441b1e7cbe29be4f23797b4a2b5d8aac/pytz-2025.2.tar.gz", hash = "sha256:360b9e3dbb49a209c21ad61809c7fb453643e048b38924c765813546746e81c3", size = 320884, upload-time = "2025-03-25T02:25:00.538Z" }
wheels = [
    { url = "https://files.pythonhosted.org/packages/81/c4/34e93fe5f5429d7570ec1fa436f1986fb1f00c3e0f43a589fe2bbcd22c3f/pytz-2025.2-py2.py3-none-any.whl", hash = "sha256:5ddf76296dd8c44c26eb8f4b6f35488f3ccbf6fbbd7adee0b7262d43f0ec2f00", size = 509225, upload-time = "2025-03-25T02:24:58.468Z" },
]

[[package]]
name = "requests"
version = "2.32.5"
source = { registry = "https://pypi.org/simple" }
dependencies = [
    { name = "certifi" },
    { name = "charset-normalizer" },
    { name = "idna" },
    { name = "urllib3" },
]
sdist = { url = "https://files.pythonhosted.org/packages/c9/74/b3ff8e6c8446842c3f5c837e9c3dfcfe2018ea6ecef224c710c85ef728f4/requests-2.32.5.tar.gz", hash = "sha256:dbba0bac56e100853db0ea71b82b4dfd5fe2bf6d3754a8893c3af500cec7d7cf", size = 134517, upload-time = "2025-08-18T20:46:02.573Z" }
wheels = [
    { url = "https://files.pythonhosted.org/packages/1e/db/4254e3eabe8020b458f1a747140d32277ec7a271daf1d235b70dc0b4e6e3/requests-2.32.5-py3-none-any.whl", hash = "sha256:2462f94637a34fd532264295e186976db0f5d453d1cdd31473c85a6a161affb6", size = 64738, upload-time = "2025-08-18T20:46:00.542Z" },
]

[[package]]
name = "requests-oauthlib"
version = "2.0.0"
source = { registry = "https://pypi.org/simple" }
dependencies = [
    { name = "oauthlib" },
    { name = "requests" },
]
sdist = { url = "https://files.pythonhosted.org/packages/42/f2/05f29bc3913aea15eb670be136045bf5c5bbf4b99ecb839da9b422bb2c85/requests-oauthlib-2.0.0.tar.gz", hash = "sha256:b3dffaebd884d8cd778494369603a9e7b58d29111bf6b41bdc2dcd87203af4e9", size = 55650, upload-time = "2024-03-22T20:32:29.939Z" }
wheels = [
    { url = "https://files.pythonhosted.org/packages/3b/5d/63d4ae3b9daea098d5d6f5da83984853c1bbacd5dc826764b249fe119d24/requests_oauthlib-2.0.0-py2.py3-none-any.whl", hash = "sha256:7dd8a5c40426b779b0868c404bdef9768deccf22749cde15852df527e6269b36", size = 24179, upload-time = "2024-03-22T20:32:28.055Z" },
]

[[package]]
name = "rich"
version = "14.1.0"
source = { registry = "https://pypi.org/simple" }
dependencies = [
    { name = "markdown-it-py" },
    { name = "pygments" },
]
sdist = { url = "https://files.pythonhosted.org/packages/fe/75/af448d8e52bf1d8fa6a9d089ca6c07ff4453d86c65c145d0a300bb073b9b/rich-14.1.0.tar.gz", hash = "sha256:e497a48b844b0320d45007cdebfeaeed8db2a4f4bcf49f15e455cfc4af11eaa8", size = 224441, upload-time = "2025-07-25T07:32:58.125Z" }
wheels = [
    { url = "https://files.pythonhosted.org/packages/e3/30/3c4d035596d3cf444529e0b2953ad0466f6049528a879d27534700580395/rich-14.1.0-py3-none-any.whl", hash = "sha256:536f5f1785986d6dbdea3c75205c473f970777b4a0d6c6dd1b696aa05a3fa04f", size = 243368, upload-time = "2025-07-25T07:32:56.73Z" },
]

[[package]]
name = "shellingham"
version = "1.5.4"
source = { registry = "https://pypi.org/simple" }
sdist = { url = "https://files.pythonhosted.org/packages/58/15/8b3609fd3830ef7b27b655beb4b4e9c62313a4e8da8c676e142cc210d58e/shellingham-1.5.4.tar.gz", hash = "sha256:8dbca0739d487e5bd35ab3ca4b36e11c4078f3a234bfce294b0a0291363404de", size = 10310, upload-time = "2023-10-24T04:13:40.426Z" }
wheels = [
    { url = "https://files.pythonhosted.org/packages/e0/f9/0595336914c5619e5f28a1fb793285925a8cd4b432c9da0a987836c7f822/shellingham-1.5.4-py2.py3-none-any.whl", hash = "sha256:7ecfff8f2fd72616f7481040475a65b2bf8af90a56c89140852d1120324e8686", size = 9755, upload-time = "2023-10-24T04:13:38.866Z" },
]

[[package]]
name = "six"
version = "1.17.0"
source = { registry = "https://pypi.org/simple" }
sdist = { url = "https://files.pythonhosted.org/packages/94/e7/b2c673351809dca68a0e064b6af791aa332cf192da575fd474ed7d6f16a2/six-1.17.0.tar.gz", hash = "sha256:ff70335d468e7eb6ec65b95b99d3a2836546063f63acc5171de367e834932a81", size = 34031, upload-time = "2024-12-04T17:35:28.174Z" }
wheels = [
    { url = "https://files.pythonhosted.org/packages/b7/ce/149a00dd41f10bc29e5921b496af8b574d8413afcd5e30dfa0ed46c2cc5e/six-1.17.0-py2.py3-none-any.whl", hash = "sha256:4721f391ed90541fddacab5acf947aa0d3dc7d27b2e1e8eda2be8970586c3274", size = 11050, upload-time = "2024-12-04T17:35:26.475Z" },
]

[[package]]
name = "syrupy"
version = "4.9.1"
source = { registry = "https://pypi.org/simple" }
dependencies = [
    { name = "pytest" },
]
sdist = { url = "https://files.pythonhosted.org/packages/8c/f8/022d8704a3314f3e96dbd6bbd16ebe119ce30e35f41aabfa92345652fceb/syrupy-4.9.1.tar.gz", hash = "sha256:b7d0fcadad80a7d2f6c4c71917918e8ebe2483e8c703dfc8d49cdbb01081f9a4", size = 52492, upload-time = "2025-03-24T01:36:37.225Z" }
wheels = [
    { url = "https://files.pythonhosted.org/packages/ec/9d/aef9ec5fd5a4ee2f6a96032c4eda5888c5c7cec65cef6b28c4fc37671d88/syrupy-4.9.1-py3-none-any.whl", hash = "sha256:b94cc12ed0e5e75b448255430af642516842a2374a46936dd2650cfb6dd20eda", size = 52214, upload-time = "2025-03-24T01:36:35.278Z" },
]

[[package]]
name = "typer"
version = "0.17.4"
source = { registry = "https://pypi.org/simple" }
dependencies = [
    { name = "click" },
    { name = "rich" },
    { name = "shellingham" },
    { name = "typing-extensions" },
]
sdist = { url = "https://files.pythonhosted.org/packages/92/e8/2a73ccf9874ec4c7638f172efc8972ceab13a0e3480b389d6ed822f7a822/typer-0.17.4.tar.gz", hash = "sha256:b77dc07d849312fd2bb5e7f20a7af8985c7ec360c45b051ed5412f64d8dc1580", size = 103734, upload-time = "2025-09-05T18:14:40.746Z" }
wheels = [
    { url = "https://files.pythonhosted.org/packages/93/72/6b3e70d32e89a5cbb6a4513726c1ae8762165b027af569289e19ec08edd8/typer-0.17.4-py3-none-any.whl", hash = "sha256:015534a6edaa450e7007eba705d5c18c3349dcea50a6ad79a5ed530967575824", size = 46643, upload-time = "2025-09-05T18:14:39.166Z" },
]

[[package]]
name = "typing-extensions"
version = "4.15.0"
source = { registry = "https://pypi.org/simple" }
sdist = { url = "https://files.pythonhosted.org/packages/72/94/1a15dd82efb362ac84269196e94cf00f187f7ed21c242792a923cdb1c61f/typing_extensions-4.15.0.tar.gz", hash = "sha256:0cea48d173cc12fa28ecabc3b837ea3cf6f38c6d1136f85cbaaf598984861466", size = 109391, upload-time = "2025-08-25T13:49:26.313Z" }
wheels = [
    { url = "https://files.pythonhosted.org/packages/18/67/36e9267722cc04a6b9f15c7f3441c2363321a3ea07da7ae0c0707beb2a9c/typing_extensions-4.15.0-py3-none-any.whl", hash = "sha256:f0fa19c6845758ab08074a0cfa8b7aecb71c999ca73d62883bc25cc018c4e548", size = 44614, upload-time = "2025-08-25T13:49:24.86Z" },
]

[[package]]
name = "typing-inspection"
version = "0.4.2"
source = { registry = "https://pypi.org/simple" }
dependencies = [
    { name = "typing-extensions" },
]
sdist = { url = "https://files.pythonhosted.org/packages/55/e3/70399cb7dd41c10ac53367ae42139cf4b1ca5f36bb3dc6c9d33acdb43655/typing_inspection-0.4.2.tar.gz", hash = "sha256:ba561c48a67c5958007083d386c3295464928b01faa735ab8547c5692e87f464", size = 75949, upload-time = "2025-10-01T02:14:41.687Z" }
wheels = [
    { url = "https://files.pythonhosted.org/packages/dc/9b/47798a6c91d8bdb567fe2698fe81e0c6b7cb7ef4d13da4114b41d239f65d/typing_inspection-0.4.2-py3-none-any.whl", hash = "sha256:4ed1cacbdc298c220f1bd249ed5287caa16f34d44ef4e9c3d0cbad5b521545e7", size = 14611, upload-time = "2025-10-01T02:14:40.154Z" },
]

[[package]]
name = "tzdata"
version = "2025.2"
source = { registry = "https://pypi.org/simple" }
sdist = { url = "https://files.pythonhosted.org/packages/95/32/1a225d6164441be760d75c2c42e2780dc0873fe382da3e98a2e1e48361e5/tzdata-2025.2.tar.gz", hash = "sha256:b60a638fcc0daffadf82fe0f57e53d06bdec2f36c4df66280ae79bce6bd6f2b9", size = 196380, upload-time = "2025-03-23T13:54:43.652Z" }
wheels = [
    { url = "https://files.pythonhosted.org/packages/5c/23/c7abc0ca0a1526a0774eca151daeb8de62ec457e77262b66b359c3c7679e/tzdata-2025.2-py2.py3-none-any.whl", hash = "sha256:1a403fada01ff9221ca8044d701868fa132215d84beb92242d9acd2147f667a8", size = 347839, upload-time = "2025-03-23T13:54:41.845Z" },
]

[[package]]
name = "urllib3"
version = "2.5.0"
source = { registry = "https://pypi.org/simple" }
sdist = { url = "https://files.pythonhosted.org/packages/15/22/9ee70a2574a4f4599c47dd506532914ce044817c7752a79b6a51286319bc/urllib3-2.5.0.tar.gz", hash = "sha256:3fc47733c7e419d4bc3f6b3dc2b4f890bb743906a30d56ba4a5bfa4bbff92760", size = 393185, upload-time = "2025-06-18T14:07:41.644Z" }
wheels = [
    { url = "https://files.pythonhosted.org/packages/a7/c2/fe1e52489ae3122415c51f387e221dd0773709bad6c6cdaa599e8a2c5185/urllib3-2.5.0-py3-none-any.whl", hash = "sha256:e6b01673c0fa6a13e374b50871808eb3bf7046c4b125b216f6bf1cc604cff0dc", size = 129795, upload-time = "2025-06-18T14:07:40.39Z" },
]

[[package]]
name = "uv"
version = "0.8.15"
source = { registry = "https://pypi.org/simple" }
sdist = { url = "https://files.pythonhosted.org/packages/4f/7c/ab905b0425f88842f3d8e5da50491524f45a231b7a3dc9c988608162adb2/uv-0.8.15.tar.gz", hash = "sha256:8ea57b78be9f0911a2a50b6814d15aec7d1f8aa6517059dc8250b1414156f93a", size = 3602914, upload-time = "2025-09-03T14:32:15.552Z" }
wheels = [
    { url = "https://files.pythonhosted.org/packages/67/1d/794352a01b40f2b0a0abe02f4f020219b3f59ee6ed900561be3b2b47a82b/uv-0.8.15-py3-none-linux_armv6l.whl", hash = "sha256:f02e6b8be08b840f86b8d5997b658b657acdda95bc216ecf62fce6c71414bdc7", size = 20136396, upload-time = "2025-09-03T14:31:30.404Z" },
    { url = "https://files.pythonhosted.org/packages/8f/89/528f01cff01eb8d10dd396f437656266443e399dda2fe4787b2cf6983698/uv-0.8.15-py3-none-macosx_10_12_x86_64.whl", hash = "sha256:b0461bb1ad616c8bcb59c9b39ae9363245ca33815ebb1d11130385236eca21b9", size = 19297422, upload-time = "2025-09-03T14:31:34.412Z" },
    { url = "https://files.pythonhosted.org/packages/94/03/532af32a64d162894a1daebb7bc5028ba00225ea720cf0f287e934dc2bd5/uv-0.8.15-py3-none-macosx_11_0_arm64.whl", hash = "sha256:069eed78b79d1e88bced23e3d4303348edb0a0209e7cae0f20024c42430bf50f", size = 17882409, upload-time = "2025-09-03T14:31:36.993Z" },
    { url = "https://files.pythonhosted.org/packages/25/21/57df6d53fbadfa947d9d65a0926e5d8540199f49aa958d23be2707262a80/uv-0.8.15-py3-none-manylinux_2_17_aarch64.manylinux2014_aarch64.musllinux_1_1_aarch64.whl", hash = "sha256:333a93bb6af64f3b95ee99e82b4ea227e2af6362c45f91c89a24e2bfefb628f9", size = 19557216, upload-time = "2025-09-03T14:31:39.245Z" },
    { url = "https://files.pythonhosted.org/packages/68/22/c3784749e1c78119e5375ec34c6ea29e944192a601f17c746339611db237/uv-0.8.15-py3-none-manylinux_2_17_armv7l.manylinux2014_armv7l.whl", hash = "sha256:7d5b19ac2bdda3d1456b5d6013af50b443ffb0e40c66d42874f71190a5364711", size = 19781097, upload-time = "2025-09-03T14:31:42.314Z" },
    { url = "https://files.pythonhosted.org/packages/00/28/0597599fb35408dd73e0a7d25108dca1fa6ce8f8d570c8f24151b0016eef/uv-0.8.15-py3-none-manylinux_2_17_i686.manylinux2014_i686.whl", hash = "sha256:3330bb4f206a6180679a75a8b2e77ff0f933fcb06c028b6f4da877b10a5e4f95", size = 20741549, upload-time = "2025-09-03T14:31:44.574Z" },
    { url = "https://files.pythonhosted.org/packages/4f/61/98fa07981722660f5a3c28b987df99c2486f63d01b1256e6cca05a43bdce/uv-0.8.15-py3-none-manylinux_2_17_ppc64.manylinux2014_ppc64.whl", hash = "sha256:de9896ad4fa724ab317a8048f4891b9b23df1403b3724e96606f3be2dbbbf009", size = 22193727, upload-time = "2025-09-03T14:31:46.915Z" },
    { url = "https://files.pythonhosted.org/packages/fa/65/523188e11a759144b00f0fe48943f6d00706fcd9b5f561a54a07b9fd4541/uv-0.8.15-py3-none-manylinux_2_17_ppc64le.manylinux2014_ppc64le.whl", hash = "sha256:226360003e71084e0a73cbec72170e88634b045e95529654d067ea3741bba242", size = 21817550, upload-time = "2025-09-03T14:31:49.548Z" },
    { url = "https://files.pythonhosted.org/packages/99/3c/7898acf3d9ed2d3a2986cccc8209c14d3e9ac72dfaa616e49d329423b1d3/uv-0.8.15-py3-none-manylinux_2_17_s390x.manylinux2014_s390x.whl", hash = "sha256:9488260536b35b94a79962fea76837f279c0cd0ae5021c761e66b311f47ffa70", size = 21024011, upload-time = "2025-09-03T14:31:51.789Z" },
    { url = "https://files.pythonhosted.org/packages/13/fc/e0da45ee179367dcc1e1040ad00ed8a99b78355d43024b0b5fc2edf5c389/uv-0.8.15-py3-none-manylinux_2_17_x86_64.manylinux2014_x86_64.whl", hash = "sha256:07765f99fd5fd3b257d7e210e8d0844c0a8fd111612e31fcca66a85656cc728e", size = 21009338, upload-time = "2025-09-03T14:31:54.104Z" },
    { url = "https://files.pythonhosted.org/packages/ce/5d/180904fa7ed49081b27f00e86f7220ca62cc098d7ef6459f0c69a8ae8f74/uv-0.8.15-py3-none-manylinux_2_28_aarch64.whl", hash = "sha256:c4868e6a4e1a8c777a5ba3cff452c405837318fb0b272ff203bfda0e1b8fc54d", size = 19799578, upload-time = "2025-09-03T14:31:56.47Z" },
    { url = "https://files.pythonhosted.org/packages/b6/09/fed823212e695b6765bdb8462850abffbe685cd965c4de905efed5e2e5c9/uv-0.8.15-py3-none-manylinux_2_31_riscv64.whl", hash = "sha256:3ec78a54a8eb0bbb9a9c653982390af84673657c8a48a0be6cdcb81d7d3e95c3", size = 20845428, upload-time = "2025-09-03T14:31:59.475Z" },
    { url = "https://files.pythonhosted.org/packages/b9/f3/9c4211897c00f79b7973a10800166e0580eaad20fe27f7c06adb7b248ac7/uv-0.8.15-py3-none-musllinux_1_1_armv7l.whl", hash = "sha256:a022a752d20da80d2a49fc0721522a81e3a32efe539152d756d84ebdba29dbc3", size = 19728113, upload-time = "2025-09-03T14:32:01.686Z" },
    { url = "https://files.pythonhosted.org/packages/3b/43/4ec6047150e2fba494d80d36b881a1a973835afa497ae9ccdf51828cae4f/uv-0.8.15-py3-none-musllinux_1_1_i686.whl", hash = "sha256:3780d2f3951d83e55812fdeb7eee233787b70c774497dbfc55b0fdf6063aa345", size = 20169115, upload-time = "2025-09-03T14:32:03.995Z" },
    { url = "https://files.pythonhosted.org/packages/ea/98/b4220bf462fb225c4a2d74ef4f105020238472b4b0da94ebc17a310d7b4e/uv-0.8.15-py3-none-musllinux_1_1_x86_64.whl", hash = "sha256:56f2451c9193ee1754ce1d8390ded68e9cb8dee0aaf7e2f38a9bd04d99be1be7", size = 21129804, upload-time = "2025-09-03T14:32:06.204Z" },
    { url = "https://files.pythonhosted.org/packages/5e/b8/40ce3d385254ac87a664a5d9a4664fac697e2734352f404382b81d03235b/uv-0.8.15-py3-none-win32.whl", hash = "sha256:89c7c10089e07d944c72d388fd88666c650dec2f8c79ca541e365f32843882c6", size = 19077103, upload-time = "2025-09-03T14:32:08.628Z" },
    { url = "https://files.pythonhosted.org/packages/2b/9d/081a0af395c0e307c0c930e80161a2aa551c25064cfb636d060574566fa4/uv-0.8.15-py3-none-win_amd64.whl", hash = "sha256:6aa824ab933dfafe11efe32e6541c6bcd65ecaa927e8e834ea6b14d3821020f6", size = 21179816, upload-time = "2025-09-03T14:32:11.42Z" },
    { url = "https://files.pythonhosted.org/packages/30/47/d8f50264a8c8ebbb9a44a8fed08b6e873d943adf299d944fe3a776ff5fbf/uv-0.8.15-py3-none-win_arm64.whl", hash = "sha256:a395fa1fc8948eacdd18e4592ed489fad13558b13fea6b3544cb16e5006c5b02", size = 19448833, upload-time = "2025-09-03T14:32:13.639Z" },
]
